{
    "_meta": {
        "hash": {
            "sha256": "d72459030b4815b05c1161852866f28dd479f3cd9bbc96fd53de4e74fc8a9284"
        },
        "pipfile-spec": 6,
        "requires": {
            "python_version": "3.9"
        },
        "sources": [
            {
                "name": "pypi",
                "url": "https://pypi.org/simple",
                "verify_ssl": true
            }
        ]
    },
    "default": {
        "py4j": {
            "hashes": [
                "sha256:0b6e5315bb3ada5cf62ac651d107bb2ebc02def3dee9d9548e3baac644ea8dbb",
                "sha256:85defdfd2b2376eb3abf5ca6474b51ab7e0de341c75a02f46dc9b5976f5a5c1b"
            ],
            "version": "==0.10.9.7"
        },
        "pyspark": {
            "hashes": [
                "sha256:bbb36eba09fa24e86e0923d7e7a986041b90c714e11c6aa976f9791fe9edde5e"
            ],
            "index": "pypi",
            "markers": "python_version >= '3.8'",
            "version": "==3.5.2"
        },
        "spark": {
            "hashes": [
                "sha256:df499b57d30178c6d32dbda2af188b9833a261a70ccd262126ed7b415d9e36d1"
            ],
            "index": "pypi",
            "version": "==0.2.1"
        }
    },
    "develop": {}
}
